
Microsoft Visual Studio Solution File, Format Version 12.00
Project("{FAE04EC0-301F-11D3-BF4B-00C04F79EFBC}") = "API", "API\API.csproj", "{DBE713B1-6B7B-4C7B-B0CA-BE6FD92A4CD9}"
EndProject
Project("{FAE04EC0-301F-11D3-BF4B-00C04F79EFBC}") = "BuildingBlocks.Application", "BuildingBlocks.Application\BuildingBlocks.Application.csproj", "{C468F483-3ADD-439A-94CF-3E4F2E33FAC7}"
EndProject
Global
	GlobalSection(SolutionConfigurationPlatforms) = preSolution
		Debug|Any CPU = Debug|Any CPU
		Release|Any CPU = Release|Any CPU
	EndGlobalSection
	GlobalSection(ProjectConfigurationPlatforms) = postSolution
		{DBE713B1-6B7B-4C7B-B0CA-BE6FD92A4CD9}.Debug|Any CPU.ActiveCfg = Debug|Any CPU
		{DBE713B1-6B7B-4C7B-B0CA-BE6FD92A4CD9}.Debug|Any CPU.Build.0 = Debug|Any CPU
		{DBE713B1-6B7B-4C7B-B0CA-BE6FD92A4CD9}.Release|Any CPU.ActiveCfg = Release|Any CPU
		{DBE713B1-6B7B-4C7B-B0CA-BE6FD92A4CD9}.Release|Any CPU.Build.0 = Release|Any CPU
		{C468F483-3ADD-439A-94CF-3E4F2E33FAC7}.Debug|Any CPU.ActiveCfg = Debug|Any CPU
		{C468F483-3ADD-439A-94CF-3E4F2E33FAC7}.Debug|Any CPU.Build.0 = Debug|Any CPU
		{C468F483-3ADD-439A-94CF-3E4F2E33FAC7}.Release|Any CPU.ActiveCfg = Release|Any CPU
		{C468F483-3ADD-439A-94CF-3E4F2E33FAC7}.Release|Any CPU.Build.0 = Release|Any CPU
	EndGlobalSection
EndGlobal
